
Microsoft Visual Studio Solution File, Format Version 12.00
# Visual Studio Version 16
VisualStudioVersion = 16.0.808.5
MinimumVisualStudioVersion = 10.0.40219.1
Project("{FAE04EC0-301F-11D3-BF4B-00C04F79EFBC}") = "Donguler", "donguler\donguler.csproj", "{D301300C-A1EF-40F1-8882-8CF9232BFDD9}"
EndProject
Project("{FAE04EC0-301F-11D3-BF4B-00C04F79EFBC}") = "ClassIntro", "ClassIntro\ClassIntro.csproj", "{E6959841-FE86-4E36-AE87-54B153F1FC6D}"
EndProject
Global
	GlobalSection(SolutionConfigurationPlatforms) = preSolution
		Debug|anycpu = Debug|anycpu
		Release|anycpu = Release|anycpu
	EndGlobalSection
	GlobalSection(ProjectConfigurationPlatforms) = postSolution
		{D301300C-A1EF-40F1-8882-8CF9232BFDD9}.Debug|anycpu.ActiveCfg = Debug|anycpu
		{D301300C-A1EF-40F1-8882-8CF9232BFDD9}.Debug|anycpu.Build.0 = Debug|anycpu
		{D301300C-A1EF-40F1-8882-8CF9232BFDD9}.Release|anycpu.ActiveCfg = Release|anycpu
		{D301300C-A1EF-40F1-8882-8CF9232BFDD9}.Release|anycpu.Build.0 = Release|anycpu
		{E6959841-FE86-4E36-AE87-54B153F1FC6D}.Debug|anycpu.ActiveCfg = Debug|anycpu
		{E6959841-FE86-4E36-AE87-54B153F1FC6D}.Debug|anycpu.Build.0 = Debug|anycpu
		{E6959841-FE86-4E36-AE87-54B153F1FC6D}.Release|anycpu.ActiveCfg = Release|anycpu
		{E6959841-FE86-4E36-AE87-54B153F1FC6D}.Release|anycpu.Build.0 = Release|anycpu
	EndGlobalSection
	GlobalSection(SolutionProperties) = preSolution
		HideSolutionNode = FALSE
	EndGlobalSection
	GlobalSection(ExtensibilityGlobals) = postSolution
		SolutionGuid = {F0FC1693-FF29-49E2-9981-1F90B460E556}
	EndGlobalSection
EndGlobal
